
Microsoft Visual Studio Solution File, Format Version 12.00
# Visual Studio Version 16
VisualStudioVersion = 16.0.29509.3
MinimumVisualStudioVersion = 10.0.40219.1
Project("{FAE04EC0-301F-11D3-BF4B-00C04F79EFBC}") = "Blogger", "Blogger.csproj", "{CA84D996-7BB7-4DEF-8F08-BB04E0472CEF}"
EndProject
Global
	GlobalSection(SolutionConfigurationPlatforms) = preSolution
		Debug|Any CPU = Debug|Any CPU
		Release|Any CPU = Release|Any CPU
	EndGlobalSection
	GlobalSection(ProjectConfigurationPlatforms) = postSolution
		{CA84D996-7BB7-4DEF-8F08-BB04E0472CEF}.Debug|Any CPU.ActiveCfg = Debug|Any CPU
		{CA84D996-7BB7-4DEF-8F08-BB04E0472CEF}.Debug|Any CPU.Build.0 = Debug|Any CPU
		{CA84D996-7BB7-4DEF-8F08-BB04E0472CEF}.Release|Any CPU.ActiveCfg = Release|Any CPU
		{CA84D996-7BB7-4DEF-8F08-BB04E0472CEF}.Release|Any CPU.Build.0 = Release|Any CPU
	EndGlobalSection
	GlobalSection(SolutionProperties) = preSolution
		HideSolutionNode = FALSE
	EndGlobalSection
	GlobalSection(ExtensibilityGlobals) = postSolution
		SolutionGuid = {5E453B12-EB04-4F94-A505-E73A1F26774B}
	EndGlobalSection
EndGlobal
